// !$*UTF8*$!
{
	archiveVersion = 1;
	classes = {
	};
	objectVersion = 50;
	objects = {

/* Begin PBXBuildFile section */
		41CFAD23264C1ED6004309E1 /* AppDelegate.swift in Sources */ = {isa = PBXBuildFile; fileRef = 41CFAD22264C1ED6004309E1 /* AppDelegate.swift */; };
		41CFAD25264C1ED6004309E1 /* SceneDelegate.swift in Sources */ = {isa = PBXBuildFile; fileRef = 41CFAD24264C1ED6004309E1 /* SceneDelegate.swift */; };
		41CFAD27264C1ED6004309E1 /* ViewController.swift in Sources */ = {isa = PBXBuildFile; fileRef = 41CFAD26264C1ED6004309E1 /* ViewController.swift */; };
		41CFAD2A264C1ED6004309E1 /* Main.storyboard in Resources */ = {isa = PBXBuildFile; fileRef = 41CFAD28264C1ED6004309E1 /* Main.storyboard */; };
		41CFAD2C264C1ED7004309E1 /* Assets.xcassets in Resources */ = {isa = PBXBuildFile; fileRef = 41CFAD2B264C1ED7004309E1 /* Assets.xcassets */; };
		41CFAD2F264C1ED7004309E1 /* LaunchScreen.storyboard in Resources */ = {isa = PBXBuildFile; fileRef = 41CFAD2D264C1ED7004309E1 /* LaunchScreen.storyboard */; };
		41CFAD3A264C1ED7004309E1 /* ZdoWeatherTests.swift in Sources */ = {isa = PBXBuildFile; fileRef = 41CFAD39264C1ED7004309E1 /* ZdoWeatherTests.swift */; };
		41CFAD45264C1ED7004309E1 /* ZdoWeatherUITests.swift in Sources */ = {isa = PBXBuildFile; fileRef = 41CFAD44264C1ED7004309E1 /* ZdoWeatherUITests.swift */; };
/* End PBXBuildFile section */

/* Begin PBXContainerItemProxy section */
		41CFAD36264C1ED7004309E1 /* PBXContainerItemProxy */ = {
			isa = PBXContainerItemProxy;
			containerPortal = 41CFAD17264C1ED6004309E1 /* Project object */;
			proxyType = 1;
			remoteGlobalIDString = 41CFAD1E264C1ED6004309E1;
			remoteInfo = ZdoWeather;
		};
		41CFAD41264C1ED7004309E1 /* PBXContainerItemProxy */ = {
			isa = PBXContainerItemProxy;
			containerPortal = 41CFAD17264C1ED6004309E1 /* Project object */;
			proxyType = 1;
			remoteGlobalIDString = 41CFAD1E264C1ED6004309E1;
			remoteInfo = ZdoWeather;
		};
/* End PBXContainerItemProxy section */

/* Begin PBXFileReference section */
		41CFAD1F264C1ED6004309E1 /* ZdoWeather.app */ = {isa = PBXFileReference; explicitFileType = wrapper.application; includeInIndex = 0; path = ZdoWeather.app; sourceTree = BUILT_PRODUCTS_DIR; };
		41CFAD22264C1ED6004309E1 /* AppDelegate.swift */ = {isa = PBXFileReference; lastKnownFileType = sourcecode.swift; path = AppDelegate.swift; sourceTree = "<group>"; };
		41CFAD24264C1ED6004309E1 /* SceneDelegate.swift */ = {isa = PBXFileReference; lastKnownFileType = sourcecode.swift; path = SceneDelegate.swift; sourceTree = "<group>"; };
		41CFAD26264C1ED6004309E1 /* ViewController.swift */ = {isa = PBXFileReference; lastKnownFileType = sourcecode.swift; path = ViewController.swift; sourceTree = "<group>"; };
		41CFAD29264C1ED6004309E1 /* Base */ = {isa = PBXFileReference; lastKnownFileType = file.storyboard; name = Base; path = Base.lproj/Main.storyboard; sourceTree = "<group>"; };
		41CFAD2B264C1ED7004309E1 /* Assets.xcassets */ = {isa = PBXFileReference; lastKnownFileType = folder.assetcatalog; path = Assets.xcassets; sourceTree = "<group>"; };
		41CFAD2E264C1ED7004309E1 /* Base */ = {isa = PBXFileReference; lastKnownFileType = file.storyboard; name = Base; path = Base.lproj/LaunchScreen.storyboard; sourceTree = "<group>"; };
		41CFAD30264C1ED7004309E1 /* Info.plist */ = {isa = PBXFileReference; lastKnownFileType = text.plist.xml; path = Info.plist; sourceTree = "<group>"; };
		41CFAD35264C1ED7004309E1 /* ZdoWeatherTests.xctest */ = {isa = PBXFileReference; explicitFileType = wrapper.cfbundle; includeInIndex = 0; path = ZdoWeatherTests.xctest; sourceTree = BUILT_PRODUCTS_DIR; };
		41CFAD39264C1ED7004309E1 /* ZdoWeatherTests.swift */ = {isa = PBXFileReference; lastKnownFileType = sourcecode.swift; path = ZdoWeatherTests.swift; sourceTree = "<group>"; };
		41CFAD3B264C1ED7004309E1 /* Info.plist */ = {isa = PBXFileReference; lastKnownFileType = text.plist.xml; path = Info.plist; sourceTree = "<group>"; };
		41CFAD40264C1ED7004309E1 /* ZdoWeatherUITests.xctest */ = {isa = PBXFileReference; explicitFileType = wrapper.cfbundle; includeInIndex = 0; path = ZdoWeatherUITests.xctest; sourceTree = BUILT_PRODUCTS_DIR; };
		41CFAD44264C1ED7004309E1 /* ZdoWeatherUITests.swift */ = {isa = PBXFileReference; lastKnownFileType = sourcecode.swift; path = ZdoWeatherUITests.swift; sourceTree = "<group>"; };
		41CFAD46264C1ED7004309E1 /* Info.plist */ = {isa = PBXFileReference; lastKnownFileType = text.plist.xml; path = Info.plist; sourceTree = "<group>"; };
/* End PBXFileReference section */

/* Begin PBXFrameworksBuildPhase section */
		41CFAD1C264C1ED6004309E1 /* Frameworks */ = {
			isa = PBXFrameworksBuildPhase;
			buildActionMask = 2147483647;
			files = (
			);
			runOnlyForDeploymentPostprocessing = 0;
		};
		41CFAD32264C1ED7004309E1 /* Frameworks */ = {
			isa = PBXFrameworksBuildPhase;
			buildActionMask = 2147483647;
			files = (
			);
			runOnlyForDeploymentPostprocessing = 0;
		};
		41CFAD3D264C1ED7004309E1 /* Frameworks */ = {
			isa = PBXFrameworksBuildPhase;
			buildActionMask = 2147483647;
			files = (
			);
			runOnlyForDeploymentPostprocessing = 0;
		};
/* End PBXFrameworksBuildPhase section */

/* Begin PBXGroup section */
		41CFAD16264C1ED6004309E1 = {
			isa = PBXGroup;
			children = (
				41CFAD21264C1ED6004309E1 /* ZdoWeather */,
				41CFAD38264C1ED7004309E1 /* ZdoWeatherTests */,
				41CFAD43264C1ED7004309E1 /* ZdoWeatherUITests */,
				41CFAD20264C1ED6004309E1 /* Products */,
			);
			sourceTree = "<group>";
		};
		41CFAD20264C1ED6004309E1 /* Products */ = {
			isa = PBXGroup;
			children = (
				41CFAD1F264C1ED6004309E1 /* ZdoWeather.app */,
				41CFAD35264C1ED7004309E1 /* ZdoWeatherTests.xctest */,
				41CFAD40264C1ED7004309E1 /* ZdoWeatherUITests.xctest */,
			);
			name = Products;
			sourceTree = "<group>";
		};
		41CFAD21264C1ED6004309E1 /* ZdoWeather */ = {
			isa = PBXGroup;
			children = (
				41CFAD22264C1ED6004309E1 /* AppDelegate.swift */,
				41CFAD24264C1ED6004309E1 /* SceneDelegate.swift */,
				41CFAD26264C1ED6004309E1 /* ViewController.swift */,
				41CFAD28264C1ED6004309E1 /* Main.storyboard */,
				41CFAD2B264C1ED7004309E1 /* Assets.xcassets */,
				41CFAD2D264C1ED7004309E1 /* LaunchScreen.storyboard */,
				41CFAD30264C1ED7004309E1 /* Info.plist */,
			);
			path = ZdoWeather;
			sourceTree = "<group>";
		};
		41CFAD38264C1ED7004309E1 /* ZdoWeatherTests */ = {
			isa = PBXGroup;
			children = (
				41CFAD39264C1ED7004309E1 /* ZdoWeatherTests.swift */,
				41CFAD3B264C1ED7004309E1 /* Info.plist */,
			);
			path = ZdoWeatherTests;
			sourceTree = "<group>";
		};
		41CFAD43264C1ED7004309E1 /* ZdoWeatherUITests */ = {
			isa = PBXGroup;
			children = (
				41CFAD44264C1ED7004309E1 /* ZdoWeatherUITests.swift */,
				41CFAD46264C1ED7004309E1 /* Info.plist */,
			);
			path = ZdoWeatherUITests;
			sourceTree = "<group>";
		};
/* End PBXGroup section */

/* Begin PBXNativeTarget section */
		41CFAD1E264C1ED6004309E1 /* ZdoWeather */ = {
			isa = PBXNativeTarget;
			buildConfigurationList = 41CFAD49264C1ED7004309E1 /* Build configuration list for PBXNativeTarget "ZdoWeather" */;
			buildPhases = (
				41CFAD1B264C1ED6004309E1 /* Sources */,
				41CFAD1C264C1ED6004309E1 /* Frameworks */,
				41CFAD1D264C1ED6004309E1 /* Resources */,
			);
			buildRules = (
			);
			dependencies = (
			);
			name = ZdoWeather;
			productName = ZdoWeather;
			productReference = 41CFAD1F264C1ED6004309E1 /* ZdoWeather.app */;
			productType = "com.apple.product-type.application";
		};
		41CFAD34264C1ED7004309E1 /* ZdoWeatherTests */ = {
			isa = PBXNativeTarget;
			buildConfigurationList = 41CFAD4C264C1ED7004309E1 /* Build configuration list for PBXNativeTarget "ZdoWeatherTests" */;
			buildPhases = (
				41CFAD31264C1ED7004309E1 /* Sources */,
				41CFAD32264C1ED7004309E1 /* Frameworks */,
				41CFAD33264C1ED7004309E1 /* Resources */,
			);
			buildRules = (
			);
			dependencies = (
				41CFAD37264C1ED7004309E1 /* PBXTargetDependency */,
			);
			name = ZdoWeatherTests;
			productName = ZdoWeatherTests;
			productReference = 41CFAD35264C1ED7004309E1 /* ZdoWeatherTests.xctest */;
			productType = "com.apple.product-type.bundle.unit-test";
		};
		41CFAD3F264C1ED7004309E1 /* ZdoWeatherUITests */ = {
			isa = PBXNativeTarget;
			buildConfigurationList = 41CFAD4F264C1ED7004309E1 /* Build configuration list for PBXNativeTarget "ZdoWeatherUITests" */;
			buildPhases = (
				41CFAD3C264C1ED7004309E1 /* Sources */,
				41CFAD3D264C1ED7004309E1 /* Frameworks */,
				41CFAD3E264C1ED7004309E1 /* Resources */,
			);
			buildRules = (
			);
			dependencies = (
				41CFAD42264C1ED7004309E1 /* PBXTargetDependency */,
			);
			name = ZdoWeatherUITests;
			productName = ZdoWeatherUITests;
			productReference = 41CFAD40264C1ED7004309E1 /* ZdoWeatherUITests.xctest */;
			productType = "com.apple.product-type.bundle.ui-testing";
		};
/* End PBXNativeTarget section */

/* Begin PBXProject section */
		41CFAD17264C1ED6004309E1 /* Project object */ = {
			isa = PBXProject;
			attributes = {
				LastSwiftUpdateCheck = 1250;
				LastUpgradeCheck = 1250;
				TargetAttributes = {
					41CFAD1E264C1ED6004309E1 = {
						CreatedOnToolsVersion = 12.5;
					};
					41CFAD34264C1ED7004309E1 = {
						CreatedOnToolsVersion = 12.5;
						TestTargetID = 41CFAD1E264C1ED6004309E1;
					};
					41CFAD3F264C1ED7004309E1 = {
						CreatedOnToolsVersion = 12.5;
						TestTargetID = 41CFAD1E264C1ED6004309E1;
					};
				};
			};
			buildConfigurationList = 41CFAD1A264C1ED6004309E1 /* Build configuration list for PBXProject "ZdoWeather" */;
			compatibilityVersion = "Xcode 9.3";
			developmentRegion = en;
			hasScannedForEncodings = 0;
			knownRegions = (
				en,
				Base,
			);
			mainGroup = 41CFAD16264C1ED6004309E1;
			productRefGroup = 41CFAD20264C1ED6004309E1 /* Products */;
			projectDirPath = "";
			projectRoot = "";
			targets = (
				41CFAD1E264C1ED6004309E1 /* ZdoWeather */,
				41CFAD34264C1ED7004309E1 /* ZdoWeatherTests */,
				41CFAD3F264C1ED7004309E1 /* ZdoWeatherUITests */,
			);
		};
/* End PBXProject section */

/* Begin PBXResourcesBuildPhase section */
		41CFAD1D264C1ED6004309E1 /* Resources */ = {
			isa = PBXResourcesBuildPhase;
			buildActionMask = 2147483647;
			files = (
				41CFAD2F264C1ED7004309E1 /* LaunchScreen.storyboard in Resources */,
				41CFAD2C264C1ED7004309E1 /* Assets.xcassets in Resources */,
				41CFAD2A264C1ED6004309E1 /* Main.storyboard in Resources */,
			);
			runOnlyForDeploymentPostprocessing = 0;
		};
		41CFAD33264C1ED7004309E1 /* Resources */ = {
			isa = PBXResourcesBuildPhase;
			buildActionMask = 2147483647;
			files = (
			);
			runOnlyForDeploymentPostprocessing = 0;
		};
		41CFAD3E264C1ED7004309E1 /* Resources */ = {
			isa = PBXResourcesBuildPhase;
			buildActionMask = 2147483647;
			files = (
			);
			runOnlyForDeploymentPostprocessing = 0;
		};
/* End PBXResourcesBuildPhase section */

/* Begin PBXSourcesBuildPhase section */
		41CFAD1B264C1ED6004309E1 /* Sources */ = {
			isa = PBXSourcesBuildPhase;
			buildActionMask = 2147483647;
			files = (
				41CFAD27264C1ED6004309E1 /* ViewController.swift in Sources */,
				41CFAD23264C1ED6004309E1 /* AppDelegate.swift in Sources */,
				41CFAD25264C1ED6004309E1 /* SceneDelegate.swift in Sources */,
			);
			runOnlyForDeploymentPostprocessing = 0;
		};
		41CFAD31264C1ED7004309E1 /* Sources */ = {
			isa = PBXSourcesBuildPhase;
			buildActionMask = 2147483647;
			files = (
				41CFAD3A264C1ED7004309E1 /* ZdoWeatherTests.swift in Sources */,
			);
			runOnlyForDeploymentPostprocessing = 0;
		};
		41CFAD3C264C1ED7004309E1 /* Sources */ = {
			isa = PBXSourcesBuildPhase;
			buildActionMask = 2147483647;
			files = (
				41CFAD45264C1ED7004309E1 /* ZdoWeatherUITests.swift in Sources */,
			);
			runOnlyForDeploymentPostprocessing = 0;
		};
/* End PBXSourcesBuildPhase section */

/* Begin PBXTargetDependency section */
		41CFAD37264C1ED7004309E1 /* PBXTargetDependency */ = {
			isa = PBXTargetDependency;
			target = 41CFAD1E264C1ED6004309E1 /* ZdoWeather */;
			targetProxy = 41CFAD36264C1ED7004309E1 /* PBXContainerItemProxy */;
		};
		41CFAD42264C1ED7004309E1 /* PBXTargetDependency */ = {
			isa = PBXTargetDependency;
			target = 41CFAD1E264C1ED6004309E1 /* ZdoWeather */;
			targetProxy = 41CFAD41264C1ED7004309E1 /* PBXContainerItemProxy */;
		};
/* End PBXTargetDependency section */

/* Begin PBXVariantGroup section */
		41CFAD28264C1ED6004309E1 /* Main.storyboard */ = {
			isa = PBXVariantGroup;
			children = (
				41CFAD29264C1ED6004309E1 /* Base */,
			);
			name = Main.storyboard;
			sourceTree = "<group>";
		};
		41CFAD2D264C1ED7004309E1 /* LaunchScreen.storyboard */ = {
			isa = PBXVariantGroup;
			children = (
				41CFAD2E264C1ED7004309E1 /* Base */,
			);
			name = LaunchScreen.storyboard;
			sourceTree = "<group>";
		};
/* End PBXVariantGroup section */

/* Begin XCBuildConfiguration section */
		41CFAD47264C1ED7004309E1 /* Debug */ = {
			isa = XCBuildConfiguration;
			buildSettings = {
				ALWAYS_SEARCH_USER_PATHS = NO;
				CLANG_ANALYZER_NONNULL = YES;
				CLANG_ANALYZER_NUMBER_OBJECT_CONVERSION = YES_AGGRESSIVE;
				CLANG_CXX_LANGUAGE_STANDARD = "gnu++14";
				CLANG_CXX_LIBRARY = "libc++";
				CLANG_ENABLE_MODULES = YES;
				CLANG_ENABLE_OBJC_ARC = YES;
				CLANG_ENABLE_OBJC_WEAK = YES;
				CLANG_WARN_BLOCK_CAPTURE_AUTORELEASING = YES;
				CLANG_WARN_BOOL_CONVERSION = YES;
				CLANG_WARN_COMMA = YES;
				CLANG_WARN_CONSTANT_CONVERSION = YES;
				CLANG_WARN_DEPRECATED_OBJC_IMPLEMENTATIONS = YES;
				CLANG_WARN_DIRECT_OBJC_ISA_USAGE = YES_ERROR;
				CLANG_WARN_DOCUMENTATION_COMMENTS = YES;
				CLANG_WARN_EMPTY_BODY = YES;
				CLANG_WARN_ENUM_CONVERSION = YES;
				CLANG_WARN_INFINITE_RECURSION = YES;
				CLANG_WARN_INT_CONVERSION = YES;
				CLANG_WARN_NON_LITERAL_NULL_CONVERSION = YES;
				CLANG_WARN_OBJC_IMPLICIT_RETAIN_SELF = YES;
				CLANG_WARN_OBJC_LITERAL_CONVERSION = YES;
				CLANG_WARN_OBJC_ROOT_CLASS = YES_ERROR;
				CLANG_WARN_QUOTED_INCLUDE_IN_FRAMEWORK_HEADER = YES;
				CLANG_WARN_RANGE_LOOP_ANALYSIS = YES;
				CLANG_WARN_STRICT_PROTOTYPES = YES;
				CLANG_WARN_SUSPICIOUS_MOVE = YES;
				CLANG_WARN_UNGUARDED_AVAILABILITY = YES_AGGRESSIVE;
				CLANG_WARN_UNREACHABLE_CODE = YES;
				CLANG_WARN__DUPLICATE_METHOD_MATCH = YES;
				COPY_PHASE_STRIP = NO;
				DEBUG_INFORMATION_FORMAT = dwarf;
				ENABLE_STRICT_OBJC_MSGSEND = YES;
				ENABLE_TESTABILITY = YES;
				GCC_C_LANGUAGE_STANDARD = gnu11;
				GCC_DYNAMIC_NO_PIC = NO;
				GCC_NO_COMMON_BLOCKS = YES;
				GCC_OPTIMIZATION_LEVEL = 0;
				GCC_PREPROCESSOR_DEFINITIONS = (
					"DEBUG=1",
					"$(inherited)",
				);
				GCC_WARN_64_TO_32_BIT_CONVERSION = YES;
				GCC_WARN_ABOUT_RETURN_TYPE = YES_ERROR;
				GCC_WARN_UNDECLARED_SELECTOR = YES;
				GCC_WARN_UNINITIALIZED_AUTOS = YES_AGGRESSIVE;
				GCC_WARN_UNUSED_FUNCTION = YES;
				GCC_WARN_UNUSED_VARIABLE = YES;
				IPHONEOS_DEPLOYMENT_TARGET = 14.5;
				MTL_ENABLE_DEBUG_INFO = INCLUDE_SOURCE;
				MTL_FAST_MATH = YES;
				ONLY_ACTIVE_ARCH = YES;
				SDKROOT = iphoneos;
				SWIFT_ACTIVE_COMPILATION_CONDITIONS = DEBUG;
				SWIFT_OPTIMIZATION_LEVEL = "-Onone";
			};
			name = Debug;
		};
		41CFAD48264C1ED7004309E1 /* Release */ = {
			isa = XCBuildConfiguration;
			buildSettings = {
				ALWAYS_SEARCH_USER_PATHS = NO;
				CLANG_ANALYZER_NONNULL = YES;
				CLANG_ANALYZER_NUMBER_OBJECT_CONVERSION = YES_AGGRESSIVE;
				CLANG_CXX_LANGUAGE_STANDARD = "gnu++14";
				CLANG_CXX_LIBRARY = "libc++";
				CLANG_ENABLE_MODULES = YES;
				CLANG_ENABLE_OBJC_ARC = YES;
				CLANG_ENABLE_OBJC_WEAK = YES;
				CLANG_WARN_BLOCK_CAPTURE_AUTORELEASING = YES;
				CLANG_WARN_BOOL_CONVERSION = YES;
				CLANG_WARN_COMMA = YES;
				CLANG_WARN_CONSTANT_CONVERSION = YES;
				CLANG_WARN_DEPRECATED_OBJC_IMPLEMENTATIONS = YES;
				CLANG_WARN_DIRECT_OBJC_ISA_USAGE = YES_ERROR;
				CLANG_WARN_DOCUMENTATION_COMMENTS = YES;
				CLANG_WARN_EMPTY_BODY = YES;
				CLANG_WARN_ENUM_CONVERSION = YES;
				CLANG_WARN_INFINITE_RECURSION = YES;
				CLANG_WARN_INT_CONVERSION = YES;
				CLANG_WARN_NON_LITERAL_NULL_CONVERSION = YES;
				CLANG_WARN_OBJC_IMPLICIT_RETAIN_SELF = YES;
				CLANG_WARN_OBJC_LITERAL_CONVERSION = YES;
				CLANG_WARN_OBJC_ROOT_CLASS = YES_ERROR;
				CLANG_WARN_QUOTED_INCLUDE_IN_FRAMEWORK_HEADER = YES;
				CLANG_WARN_RANGE_LOOP_ANALYSIS = YES;
				CLANG_WARN_STRICT_PROTOTYPES = YES;
				CLANG_WARN_SUSPICIOUS_MOVE = YES;
				CLANG_WARN_UNGUARDED_AVAILABILITY = YES_AGGRESSIVE;
				CLANG_WARN_UNREACHABLE_CODE = YES;
				CLANG_WARN__DUPLICATE_METHOD_MATCH = YES;
				COPY_PHASE_STRIP = NO;
				DEBUG_INFORMATION_FORMAT = "dwarf-with-dsym";
				ENABLE_NS_ASSERTIONS = NO;
				ENABLE_STRICT_OBJC_MSGSEND = YES;
				GCC_C_LANGUAGE_STANDARD = gnu11;
				GCC_NO_COMMON_BLOCKS = YES;
				GCC_WARN_64_TO_32_BIT_CONVERSION = YES;
				GCC_WARN_ABOUT_RETURN_TYPE = YES_ERROR;
				GCC_WARN_UNDECLARED_SELECTOR = YES;
				GCC_WARN_UNINITIALIZED_AUTOS = YES_AGGRESSIVE;
				GCC_WARN_UNUSED_FUNCTION = YES;
				GCC_WARN_UNUSED_VARIABLE = YES;
				IPHONEOS_DEPLOYMENT_TARGET = 14.5;
				MTL_ENABLE_DEBUG_INFO = NO;
				MTL_FAST_MATH = YES;
				SDKROOT = iphoneos;
				SWIFT_COMPILATION_MODE = wholemodule;
				SWIFT_OPTIMIZATION_LEVEL = "-O";
				VALIDATE_PRODUCT = YES;
			};
			name = Release;
		};
		41CFAD4A264C1ED7004309E1 /* Debug */ = {
			isa = XCBuildConfiguration;
			buildSettings = {
				ASSETCATALOG_COMPILER_APPICON_NAME = AppIcon;
				ASSETCATALOG_COMPILER_GLOBAL_ACCENT_COLOR_NAME = AccentColor;
				CODE_SIGN_STYLE = Automatic;
				INFOPLIST_FILE = ZdoWeather/Info.plist;
				LD_RUNPATH_SEARCH_PATHS = (
					"$(inherited)",
					"@executable_path/Frameworks",
				);
				PRODUCT_BUNDLE_IDENTIFIER = zdodev.ZdoWeather;
				PRODUCT_NAME = "$(TARGET_NAME)";
				SWIFT_VERSION = 5.0;
				TARGETED_DEVICE_FAMILY = "1,2";
			};
			name = Debug;
		};
		41CFAD4B264C1ED7004309E1 /* Release */ = {
			isa = XCBuildConfiguration;
			buildSettings = {
				ASSETCATALOG_COMPILER_APPICON_NAME = AppIcon;
				ASSETCATALOG_COMPILER_GLOBAL_ACCENT_COLOR_NAME = AccentColor;
				CODE_SIGN_STYLE = Automatic;
				INFOPLIST_FILE = ZdoWeather/Info.plist;
				LD_RUNPATH_SEARCH_PATHS = (
					"$(inherited)",
					"@executable_path/Frameworks",
				);
				PRODUCT_BUNDLE_IDENTIFIER = zdodev.ZdoWeather;
				PRODUCT_NAME = "$(TARGET_NAME)";
				SWIFT_VERSION = 5.0;
				TARGETED_DEVICE_FAMILY = "1,2";
			};
			name = Release;
		};
		41CFAD4D264C1ED7004309E1 /* Debug */ = {
			isa = XCBuildConfiguration;
			buildSettings = {
				ALWAYS_EMBED_SWIFT_STANDARD_LIBRARIES = YES;
				BUNDLE_LOADER = "$(TEST_HOST)";
				CODE_SIGN_STYLE = Automatic;
				INFOPLIST_FILE = ZdoWeatherTests/Info.plist;
				IPHONEOS_DEPLOYMENT_TARGET = 14.5;
				LD_RUNPATH_SEARCH_PATHS = (
					"$(inherited)",
					"@executable_path/Frameworks",
					"@loader_path/Frameworks",
				);
				PRODUCT_BUNDLE_IDENTIFIER = zdodev.ZdoWeatherTests;
				PRODUCT_NAME = "$(TARGET_NAME)";
				SWIFT_VERSION = 5.0;
				TARGETED_DEVICE_FAMILY = "1,2";
				TEST_HOST = "$(BUILT_PRODUCTS_DIR)/ZdoWeather.app/ZdoWeather";
			};
			name = Debug;
		};
		41CFAD4E264C1ED7004309E1 /* Release */ = {
			isa = XCBuildConfiguration;
			buildSettings = {
				ALWAYS_EMBED_SWIFT_STANDARD_LIBRARIES = YES;
				BUNDLE_LOADER = "$(TEST_HOST)";
				CODE_SIGN_STYLE = Automatic;
				INFOPLIST_FILE = ZdoWeatherTests/Info.plist;
				IPHONEOS_DEPLOYMENT_TARGET = 14.5;
				LD_RUNPATH_SEARCH_PATHS = (
					"$(inherited)",
					"@executable_path/Frameworks",
					"@loader_path/Frameworks",
				);
				PRODUCT_BUNDLE_IDENTIFIER = zdodev.ZdoWeatherTests;
				PRODUCT_NAME = "$(TARGET_NAME)";
				SWIFT_VERSION = 5.0;
				TARGETED_DEVICE_FAMILY = "1,2";
				TEST_HOST = "$(BUILT_PRODUCTS_DIR)/ZdoWeather.app/ZdoWeather";
			};
			name = Release;
		};
		41CFAD50264C1ED7004309E1 /* Debug */ = {
			isa = XCBuildConfiguration;
			buildSettings = {
				ALWAYS_EMBED_SWIFT_STANDARD_LIBRARIES = YES;
				CODE_SIGN_STYLE = Automatic;
				INFOPLIST_FILE = ZdoWeatherUITests/Info.plist;
				LD_RUNPATH_SEARCH_PATHS = (
					"$(inherited)",
					"@executable_path/Frameworks",
					"@loader_path/Frameworks",
				);
				PRODUCT_BUNDLE_IDENTIFIER = zdodev.ZdoWeatherUITests;
				PRODUCT_NAME = "$(TARGET_NAME)";
				SWIFT_VERSION = 5.0;
				TARGETED_DEVICE_FAMILY = "1,2";
				TEST_TARGET_NAME = ZdoWeather;
			};
			name = Debug;
		};
		41CFAD51264C1ED7004309E1 /* Release */ = {
			isa = XCBuildConfiguration;
			buildSettings = {
				ALWAYS_EMBED_SWIFT_STANDARD_LIBRARIES = YES;
				CODE_SIGN_STYLE = Automatic;
				INFOPLIST_FILE = ZdoWeatherUITests/Info.plist;
				LD_RUNPATH_SEARCH_PATHS = (
					"$(inherited)",
					"@executable_path/Frameworks",
					"@loader_path/Frameworks",
				);
				PRODUCT_BUNDLE_IDENTIFIER = zdodev.ZdoWeatherUITests;
				PRODUCT_NAME = "$(TARGET_NAME)";
				SWIFT_VERSION = 5.0;
				TARGETED_DEVICE_FAMILY = "1,2";
				TEST_TARGET_NAME = ZdoWeather;
			};
			name = Release;
		};
/* End XCBuildConfiguration section */

/* Begin XCConfigurationList section */
		41CFAD1A264C1ED6004309E1 /* Build configuration list for PBXProject "ZdoWeather" */ = {
			isa = XCConfigurationList;
			buildConfigurations = (
				41CFAD47264C1ED7004309E1 /* Debug */,
				41CFAD48264C1ED7004309E1 /* Release */,
			);
			defaultConfigurationIsVisible = 0;
			defaultConfigurationName = Release;
		};
		41CFAD49264C1ED7004309E1 /* Build configuration list for PBXNativeTarget "ZdoWeather" */ = {
			isa = XCConfigurationList;
			buildConfigurations = (
				41CFAD4A264C1ED7004309E1 /* Debug */,
				41CFAD4B264C1ED7004309E1 /* Release */,
			);
			defaultConfigurationIsVisible = 0;
			defaultConfigurationName = Release;
		};
		41CFAD4C264C1ED7004309E1 /* Build configuration list for PBXNativeTarget "ZdoWeatherTests" */ = {
			isa = XCConfigurationList;
			buildConfigurations = (
				41CFAD4D264C1ED7004309E1 /* Debug */,
				41CFAD4E264C1ED7004309E1 /* Release */,
			);
			defaultConfigurationIsVisible = 0;
			defaultConfigurationName = Release;
		};
		41CFAD4F264C1ED7004309E1 /* Build configuration list for PBXNativeTarget "ZdoWeatherUITests" */ = {
			isa = XCConfigurationList;
			buildConfigurations = (
				41CFAD50264C1ED7004309E1 /* Debug */,
				41CFAD51264C1ED7004309E1 /* Release */,
			);
			defaultConfigurationIsVisible = 0;
			defaultConfigurationName = Release;
		};
/* End XCConfigurationList section */
	};
	rootObject = 41CFAD17264C1ED6004309E1 /* Project object */;
}
